{
  "name": "client",
  "version": "0.1.0",
  "lockfileVersion": 1,
  "requires": true,
  "dependencies": {
    "@material/animation": {
      "version": "7.0.0",
      "resolved": "https://registry.npmjs.org/@material/animation/-/animation-7.0.0.tgz",
      "integrity": "sha512-h0Ge337zBQk8FRin0xnO2fkFkxhidgUhekEtjrDf8F6m39WFr+VTw7hm7MrF1TejW5wdf+V+app7bvRYICMu1A==",
      "requires": {
        "tslib": "^1.9.3"
      }
    },
    "@material/auto-init": {
      "version": "7.0.0",
      "resolved": "https://registry.npmjs.org/@material/auto-init/-/auto-init-7.0.0.tgz",
      "integrity": "sha512-G39UKumGFTcpqfkDTGpJ4iMF/wCS4P2YQXbhVEvxPh2Zt3bn6lGWt8+/T2/ddqcsR4yhN5CgEN4QAisXa076aA==",
      "requires": {
        "@material/base": "^7.0.0",
        "tslib": "^1.9.3"
      }
    },
    "@material/base": {
      "version": "7.0.0",
      "resolved": "https://registry.npmjs.org/@material/base/-/base-7.0.0.tgz",
      "integrity": "sha512-FGWvJ14EvUCOC3hV9L26hqtGro6wVs3mKVIlQfYZYLcCZ/XRF7z5sfs/3eTbB2QVd3mC4jRdYlnnxfe/ptcYOA==",
      "requires": {
        "tslib": "^1.9.3"
      }
    },
    "@material/button": {
      "version": "7.0.0",
      "resolved": "https://registry.npmjs.org/@material/button/-/button-7.0.0.tgz",
      "integrity": "sha512-Y6dGxtXBEXa2Bnkj66nyXQo4yc2OTXH00NCGinf+rP24pASxIV27pHwW64zjoTAdJYhZbyrx+wyk8fN9tk2yag==",
      "requires": {
        "@material/density": "^7.0.0",
        "@material/elevation": "^7.0.0",
        "@material/feature-targeting": "^7.0.0",
        "@material/ripple": "^7.0.0",
        "@material/rtl": "^7.0.0",
        "@material/shape": "^7.0.0",
        "@material/theme": "^7.0.0",
        "@material/touch-target": "^7.0.0",
        "@material/typography": "^7.0.0"
      }
    },
    "@material/card": {
      "version": "7.0.0",
      "resolved": "https://registry.npmjs.org/@material/card/-/card-7.0.0.tgz",
      "integrity": "sha512-dkFIA4mrMOvzmTJOOH45dBSYJ5xwwYVqfmWak/iI2ykIHKPNLaWviYSy5zON4VUV3M8/Y561BX8pIt6PCGMxeQ==",
      "requires": {
        "@material/elevation": "^7.0.0",
        "@material/feature-targeting": "^7.0.0",
        "@material/ripple": "^7.0.0",
        "@material/rtl": "^7.0.0",
        "@material/shape": "^7.0.0",
        "@material/theme": "^7.0.0"
      }
    },
    "@material/checkbox": {
      "version": "7.0.0",
      "resolved": "https://registry.npmjs.org/@material/checkbox/-/checkbox-7.0.0.tgz",
      "integrity": "sha512-GMQzABt8vLZNzq44qHSPKmUurZ2R1sKPX8gtwbwcGBoE7MJXIYkMj3+IYv38Mki9B3BlJPDVqBn5jU20mPCmBQ==",
      "requires": {
        "@material/animation": "^7.0.0",
        "@material/base": "^7.0.0",
        "@material/density": "^7.0.0",
        "@material/dom": "^7.0.0",
        "@material/feature-targeting": "^7.0.0",
        "@material/ripple": "^7.0.0",
        "@material/theme": "^7.0.0",
        "@material/touch-target": "^7.0.0",
        "tslib": "^1.9.3"
      }
    },
    "@material/chips": {
      "version": "7.0.0",
      "resolved": "https://registry.npmjs.org/@material/chips/-/chips-7.0.0.tgz",
      "integrity": "sha512-0ae26TKSC2bftBf3YIxInwk1QluHtzvdj1YYO2wctpXA8TCHN3EFZSkf0xV29Ymn35MpPGf+5+JOXaUbhSkHdQ==",
      "requires": {
        "@material/animation": "^7.0.0",
        "@material/base": "^7.0.0",
        "@material/checkbox": "^7.0.0",
        "@material/density": "^7.0.0",
        "@material/dom": "^7.0.0",
        "@material/elevation": "^7.0.0",
        "@material/feature-targeting": "^7.0.0",
        "@material/ripple": "^7.0.0",
        "@material/rtl": "^7.0.0",
        "@material/shape": "^7.0.0",
        "@material/theme": "^7.0.0",
        "@material/touch-target": "^7.0.0",
        "@material/typography": "^7.0.0",
        "tslib": "^1.9.3"
      }
    },
    "@material/circular-progress": {
      "version": "7.0.0",
      "resolved": "https://registry.npmjs.org/@material/circular-progress/-/circular-progress-7.0.0.tgz",
      "integrity": "sha512-M/GpU1s6yAlVnrTRob2uaybH+f3jpbC4h8J1e2SIpFh9vM4XNMUsgd/0OX7CVny7hDLz6/x6kWXyxKKx8IY1SA==",
      "requires": {
        "@material/animation": "^7.0.0",
        "@material/base": "^7.0.0",
        "@material/feature-targeting": "^7.0.0",
        "@material/progress-indicator": "^7.0.0",
        "@material/theme": "^7.0.0",
        "tslib": "^1.9.3"
      }
    },
    "@material/data-table": {
      "version": "7.0.0",
      "resolved": "https://registry.npmjs.org/@material/data-table/-/data-table-7.0.0.tgz",
      "integrity": "sha512-sLSM3BQ6i6SqBceA/C3q4HN8SqK/5qCCv7XnVRqbNFObW1GA9ZGfDJp5q4EumpVIVxXc7x70IM80+CtLwQqOxQ==",
      "requires": {
        "@material/animation": "^7.0.0",
        "@material/base": "^7.0.0",
        "@material/checkbox": "^7.0.0",
        "@material/density": "^7.0.0",
        "@material/dom": "^7.0.0",
        "@material/elevation": "^7.0.0",
        "@material/feature-targeting": "^7.0.0",
        "@material/icon-button": "^7.0.0",
        "@material/list": "^7.0.0",
        "@material/menu": "^7.0.0",
        "@material/rtl": "^7.0.0",
        "@material/select": "^7.0.0",
        "@material/shape": "^7.0.0",
        "@material/theme": "^7.0.0",
        "@material/typography": "^7.0.0",
        "tslib": "^1.10.0"
      }
    },
    "@material/density": {
      "version": "7.0.0",
      "resolved": "https://registry.npmjs.org/@material/density/-/density-7.0.0.tgz",
      "integrity": "sha512-UsSngxrpI7fX8xS3QHjg7zHBxO07ftHdgBWEYklH/7xnv/qeR1OeqhLwZJkBrKJq1BDnJpeBJ2CHeiw8C5Ir+A=="
    },
    "@material/dialog": {
      "version": "7.0.0",
      "resolved": "https://registry.npmjs.org/@material/dialog/-/dialog-7.0.0.tgz",
      "integrity": "sha512-4UbzaxqUIf/JC/GZDVlkB98Sbo+UK8D1yBBr3tpuqzEHCJauNStSAboPcLGK8n+DcOutVruVXe28sN/37JvAFQ==",
      "requires": {
        "@material/animation": "^7.0.0",
        "@material/base": "^7.0.0",
        "@material/button": "^7.0.0",
        "@material/dom": "^7.0.0",
        "@material/elevation": "^7.0.0",
        "@material/feature-targeting": "^7.0.0",
        "@material/ripple": "^7.0.0",
        "@material/rtl": "^7.0.0",
        "@material/shape": "^7.0.0",
        "@material/theme": "^7.0.0",
        "@material/touch-target": "^7.0.0",
        "@material/typography": "^7.0.0",
        "tslib": "^1.9.3"
      }
    },
    "@material/dom": {
      "version": "7.0.0",
      "resolved": "https://registry.npmjs.org/@material/dom/-/dom-7.0.0.tgz",
      "integrity": "sha512-8wtiYpITidoEM+Oi2kksqaepmxip+NuThBudRdpM/BA7mx/WKSnWnyIA3b4anIdRsKdlaYTQ0ONOb69r4PjfuQ==",
      "requires": {
        "@material/feature-targeting": "^7.0.0",
        "tslib": "^1.9.3"
      }
    },
    "@material/drawer": {
      "version": "7.0.0",
      "resolved": "https://registry.npmjs.org/@material/drawer/-/drawer-7.0.0.tgz",
      "integrity": "sha512-MY5RUh4kzoBO20I/ZCo+sG+aiEcPR6TcOS1Q+d9mV/vuv1ACEJfuEoVaBJ33J/NiUxhnZ5UFnPDkI84UcK2Lbg==",
      "requires": {
        "@material/animation": "^7.0.0",
        "@material/base": "^7.0.0",
        "@material/dom": "^7.0.0",
        "@material/elevation": "^7.0.0",
        "@material/feature-targeting": "^7.0.0",
        "@material/list": "^7.0.0",
        "@material/ripple": "^7.0.0",
        "@material/rtl": "^7.0.0",
        "@material/shape": "^7.0.0",
        "@material/theme": "^7.0.0",
        "@material/typography": "^7.0.0",
        "tslib": "^1.9.3"
      }
    },
    "@material/elevation": {
      "version": "7.0.0",
      "resolved": "https://registry.npmjs.org/@material/elevation/-/elevation-7.0.0.tgz",
      "integrity": "sha512-vUN/nPxWKa8+c23GMuvtsCQTY4x76U2jLO4BsI77Rr2oKuHHXcAYxyAoY/jggnpRfLZsNTmmZ4EVKbKqYgrocg==",
      "requires": {
        "@material/animation": "^7.0.0",
        "@material/base": "^7.0.0",
        "@material/feature-targeting": "^7.0.0",
        "@material/theme": "^7.0.0"
      }
    },
    "@material/fab": {
      "version": "7.0.0",
      "resolved": "https://registry.npmjs.org/@material/fab/-/fab-7.0.0.tgz",
      "integrity": "sha512-KNnAEQ/YYc0aQrDI81Y51zVa35YHeQccHpG6NArGAr2LOAIwl1Y62EPzEw4pCaddgsBdqZwAqk2DXfjeUwZ0VA==",
      "requires": {
        "@material/animation": "^7.0.0",
        "@material/dom": "^7.0.0",
        "@material/elevation": "^7.0.0",
        "@material/feature-targeting": "^7.0.0",
        "@material/ripple": "^7.0.0",
        "@material/rtl": "^7.0.0",
        "@material/shape": "^7.0.0",
        "@material/theme": "^7.0.0",
        "@material/touch-target": "^7.0.0",
        "@material/typography": "^7.0.0"
      }
    },
    "@material/feature-targeting": {
      "version": "7.0.0",
      "resolved": "https://registry.npmjs.org/@material/feature-targeting/-/feature-targeting-7.0.0.tgz",
      "integrity": "sha512-png4Ep/eW53qU0lt7ELq9B/LR+ro3jQiMkRWpKaNBBijTgRDA6LAo9mlpbMcXvovcgu8TjLce+kpL9M0HWgbWg=="
    },
    "@material/floating-label": {
      "version": "7.0.0",
      "resolved": "https://registry.npmjs.org/@material/floating-label/-/floating-label-7.0.0.tgz",
      "integrity": "sha512-tAiP6lWcSlJ2Zrwymt/v3hn/anPdH5gXJp/1NYXXhauHyjHW5jFizJeNLQWSdTwqUkagp6FH74XbiKTaC9WY5g==",
      "requires": {
        "@material/animation": "^7.0.0",
        "@material/base": "^7.0.0",
        "@material/dom": "^7.0.0",
        "@material/feature-targeting": "^7.0.0",
        "@material/rtl": "^7.0.0",
        "@material/theme": "^7.0.0",
        "@material/typography": "^7.0.0",
        "tslib": "^1.9.3"
      }
    },
    "@material/form-field": {
      "version": "7.0.0",
      "resolved": "https://registry.npmjs.org/@material/form-field/-/form-field-7.0.0.tgz",
      "integrity": "sha512-bx3klwE48FosNeqE6Q1jGkCnRLv0nBaopR+vkfijVpeIcy0JtLgDDgA7rzm35nEpXqTdyHTVzNaUo8GHRMYlcg==",
      "requires": {
        "@material/base": "^7.0.0",
        "@material/feature-targeting": "^7.0.0",
        "@material/ripple": "^7.0.0",
        "@material/rtl": "^7.0.0",
        "@material/theme": "^7.0.0",
        "@material/typography": "^7.0.0",
        "tslib": "^1.9.3"
      }
    },
    "@material/icon-button": {
      "version": "7.0.0",
      "resolved": "https://registry.npmjs.org/@material/icon-button/-/icon-button-7.0.0.tgz",
      "integrity": "sha512-ppU7yie70KM3czpBXMwYN+Ape6mF8FYQtv1iAYW/fLYQQV/iszB9o+s4CovONltLkavMj9/FQWGyyssSmKGAzg==",
      "requires": {
        "@material/base": "^7.0.0",
        "@material/density": "^7.0.0",
        "@material/feature-targeting": "^7.0.0",
        "@material/ripple": "^7.0.0",
        "@material/rtl": "^7.0.0",
        "@material/theme": "^7.0.0",
        "tslib": "^1.9.3"
      }
    },
    "@material/image-list": {
      "version": "7.0.0",
      "resolved": "https://registry.npmjs.org/@material/image-list/-/image-list-7.0.0.tgz",
      "integrity": "sha512-xvJTsav/AT/GiuOg2T5//uqRX/0qVwsoHeTxul1aTTK7moV4A4DdQHFZD7kNAHK4llI05Gm3wsIAQD4UjbsoAA==",
      "requires": {
        "@material/feature-targeting": "^7.0.0",
        "@material/shape": "^7.0.0",
        "@material/theme": "^7.0.0",
        "@material/typography": "^7.0.0"
      }
    },
    "@material/layout-grid": {
      "version": "7.0.0",
      "resolved": "https://registry.npmjs.org/@material/layout-grid/-/layout-grid-7.0.0.tgz",
      "integrity": "sha512-AvCU58jTqeJxzzTbf1H1YeRDaI9uaXzoayKquemym+NBrczrao1mVnn6xAjEMMu3MeLIP7c/ngpUSOLEXYtOvw=="
    },
    "@material/line-ripple": {
      "version": "7.0.0",
      "resolved": "https://registry.npmjs.org/@material/line-ripple/-/line-ripple-7.0.0.tgz",
      "integrity": "sha512-oU/TcKa/dVnljFtFPKHmcfBOsSD5o3bjYbEAD/FXR9mCOIAcCmPO6TegQWJDJ3o9y+eBc3S8aDXN+p0ub+DJIw==",
      "requires": {
        "@material/animation": "^7.0.0",
        "@material/base": "^7.0.0",
        "@material/feature-targeting": "^7.0.0",
        "@material/theme": "^7.0.0",
        "tslib": "^1.9.3"
      }
    },
    "@material/linear-progress": {
      "version": "7.0.0",
      "resolved": "https://registry.npmjs.org/@material/linear-progress/-/linear-progress-7.0.0.tgz",
      "integrity": "sha512-UWbfHGJG1xfiAGcC8p2q2HjFNGvV2ribtr6Td7Hme4iBQG8cktGwPs05r67H5yP+3AEAcjnraQ6btyaOrtXHUw==",
      "requires": {
        "@material/animation": "^7.0.0",
        "@material/base": "^7.0.0",
        "@material/feature-targeting": "^7.0.0",
        "@material/progress-indicator": "^7.0.0",
        "@material/theme": "^7.0.0",
        "tslib": "^1.9.3"
      }
    },
    "@material/list": {
      "version": "7.0.0",
      "resolved": "https://registry.npmjs.org/@material/list/-/list-7.0.0.tgz",
      "integrity": "sha512-bdcL0uuRtVJikHyINa8NhAjHkmZN6Oq/CGtoAdTWkGl3aBCZUNn6p/80ptThdYkROJUjGQiyMkfJnzbdlwU7+A==",
      "requires": {
        "@material/base": "^7.0.0",
        "@material/density": "^7.0.0",
        "@material/dom": "^7.0.0",
        "@material/feature-targeting": "^7.0.0",
        "@material/ripple": "^7.0.0",
        "@material/rtl": "^7.0.0",
        "@material/shape": "^7.0.0",
        "@material/theme": "^7.0.0",
        "@material/typography": "^7.0.0",
        "tslib": "^1.9.3"
      }
    },
    "@material/menu": {
      "version": "7.0.0",
      "resolved": "https://registry.npmjs.org/@material/menu/-/menu-7.0.0.tgz",
      "integrity": "sha512-5dKdeRtxg8DXtPXw7fUE+raUOlZsVdPVMqRoa0OXcLBatbkyqVT606WGqTGy6+QhcisiuWbtYO4ibGrfpCXZyw==",
      "requires": {
        "@material/base": "^7.0.0",
        "@material/dom": "^7.0.0",
        "@material/elevation": "^7.0.0",
        "@material/feature-targeting": "^7.0.0",
        "@material/list": "^7.0.0",
        "@material/menu-surface": "^7.0.0",
        "@material/ripple": "^7.0.0",
        "@material/rtl": "^7.0.0",
        "@material/theme": "^7.0.0",
        "tslib": "^1.9.3"
      }
    },
    "@material/menu-surface": {
      "version": "7.0.0",
      "resolved": "https://registry.npmjs.org/@material/menu-surface/-/menu-surface-7.0.0.tgz",
      "integrity": "sha512-iJh0RuwbqCk3azeqaf8YIChnHx/4F0sE5btAs+y/105MOWJaMveLy/K0JPz3DUD+fAeOoKJiQaEBIzybedDwyg==",
      "requires": {
        "@material/animation": "^7.0.0",
        "@material/base": "^7.0.0",
        "@material/elevation": "^7.0.0",
        "@material/feature-targeting": "^7.0.0",
        "@material/rtl": "^7.0.0",
        "@material/shape": "^7.0.0",
        "@material/theme": "^7.0.0",
        "tslib": "^1.9.3"
      }
    },
    "@material/notched-outline": {
      "version": "7.0.0",
      "resolved": "https://registry.npmjs.org/@material/notched-outline/-/notched-outline-7.0.0.tgz",
      "integrity": "sha512-MsOolYO71vy1auR1KOp7ipQY3WNa68FPC8s7thVbJXq6rZ6ZtnX18KJ9UQ+CI/7trJTej/IpGM5DKIQ4htoSVw==",
      "requires": {
        "@material/base": "^7.0.0",
        "@material/feature-targeting": "^7.0.0",
        "@material/floating-label": "^7.0.0",
        "@material/rtl": "^7.0.0",
        "@material/shape": "^7.0.0",
        "@material/theme": "^7.0.0",
        "tslib": "^1.9.3"
      }
    },
    "@material/progress-indicator": {
      "version": "7.0.0",
      "resolved": "https://registry.npmjs.org/@material/progress-indicator/-/progress-indicator-7.0.0.tgz",
      "integrity": "sha512-gU3K8fhGPFJ8bSe+jc98tqliYSjdNpzVHu0Tev4ETYeOSm4hU4O5gsrA2LJImUM23RmbL+DEa7SISR2j+jfUDA==",
      "requires": {
        "tslib": "^1.9.3"
      }
    },
    "@material/radio": {
      "version": "7.0.0",
      "resolved": "https://registry.npmjs.org/@material/radio/-/radio-7.0.0.tgz",
      "integrity": "sha512-0jpOJ1BVq2UlIcTxpSzsnyoAsWDf7nUaPYe55tqCyMfSMrDPCY4x2DeJw5fOhGyq61cRCotAlQRFDAe1qqxQfQ==",
      "requires": {
        "@material/animation": "^7.0.0",
        "@material/base": "^7.0.0",
        "@material/density": "^7.0.0",
        "@material/dom": "^7.0.0",
        "@material/feature-targeting": "^7.0.0",
        "@material/ripple": "^7.0.0",
        "@material/theme": "^7.0.0",
        "@material/touch-target": "^7.0.0",
        "tslib": "^1.9.3"
      }
    },
    "@material/ripple": {
      "version": "7.0.0",
      "resolved": "https://registry.npmjs.org/@material/ripple/-/ripple-7.0.0.tgz",
      "integrity": "sha512-zUnE67WIuYE0Ipcn+U2NWYM1rELOIjqfRNNsfzTZ2QqQxyfS8cbnlb27Xmz7H8qt7aOV/2vo/8X3W96ynG1vNg==",
      "requires": {
        "@material/animation": "^7.0.0",
        "@material/base": "^7.0.0",
        "@material/dom": "^7.0.0",
        "@material/feature-targeting": "^7.0.0",
        "@material/theme": "^7.0.0",
        "tslib": "^1.9.3"
      }
    },
    "@material/rtl": {
      "version": "7.0.0",
      "resolved": "https://registry.npmjs.org/@material/rtl/-/rtl-7.0.0.tgz",
      "integrity": "sha512-EaEoSWiRkbkmdGWxlp8eQGZviw1wJSaX0r7DTMuUEiO1ItztfT+bVagB58ZhkQaXwus8n14RH4tlms83/+ojcQ==",
      "requires": {
        "@material/theme": "^7.0.0"
      }
    },
    "@material/select": {
      "version": "7.0.0",
      "resolved": "https://registry.npmjs.org/@material/select/-/select-7.0.0.tgz",
      "integrity": "sha512-QxBgT/m7dUZY2hiPxfPtEcYiR2BM+NEqKBkOoAjrb4XfvQQqoesl7woXdwNMP1a8RoZzJqcBM7shsdDamG9gYA==",
      "requires": {
        "@material/animation": "^7.0.0",
        "@material/base": "^7.0.0",
        "@material/density": "^7.0.0",
        "@material/dom": "^7.0.0",
        "@material/feature-targeting": "^7.0.0",
        "@material/floating-label": "^7.0.0",
        "@material/line-ripple": "^7.0.0",
        "@material/list": "^7.0.0",
        "@material/menu": "^7.0.0",
        "@material/menu-surface": "^7.0.0",
        "@material/notched-outline": "^7.0.0",
        "@material/ripple": "^7.0.0",
        "@material/rtl": "^7.0.0",
        "@material/shape": "^7.0.0",
        "@material/theme": "^7.0.0",
        "@material/typography": "^7.0.0",
        "tslib": "^1.9.3"
      }
    },
    "@material/shape": {
      "version": "7.0.0",
      "resolved": "https://registry.npmjs.org/@material/shape/-/shape-7.0.0.tgz",
      "integrity": "sha512-17s+B9ohHRFlFZPVDsIiZNwcxlg0Z9lPpETxhSn0CbfJ17UPSI7jQouebrF/APFSpPTyIuoW7mmB95On78Jf7A==",
      "requires": {
        "@material/feature-targeting": "^7.0.0",
        "@material/rtl": "^7.0.0",
        "@material/theme": "^7.0.0"
      }
    },
    "@material/slider": {
      "version": "7.0.0",
      "resolved": "https://registry.npmjs.org/@material/slider/-/slider-7.0.0.tgz",
      "integrity": "sha512-/1X6F7voWxCrprJLnul0CwYKhbJUsqWA1bSmJGcmWYHDMG6pjCX/V1PITBB3A9Cifnig4WC3feLQdwhTCYXXfQ==",
      "requires": {
        "@material/animation": "^7.0.0",
        "@material/base": "^7.0.0",
        "@material/dom": "^7.0.0",
        "@material/feature-targeting": "^7.0.0",
        "@material/rtl": "^7.0.0",
        "@material/theme": "^7.0.0",
        "@material/typography": "^7.0.0",
        "tslib": "^1.9.3"
      }
    },
    "@material/snackbar": {
      "version": "7.0.0",
      "resolved": "https://registry.npmjs.org/@material/snackbar/-/snackbar-7.0.0.tgz",
      "integrity": "sha512-t9tYYTBIJLx7f2jl3E8miGaNc6Dh73gSY+gbwYAYHQKiXXOQj9234zQOEOTi2xjMkf2QvKecZ/Wu4+bBDF77wA==",
      "requires": {
        "@material/animation": "^7.0.0",
        "@material/base": "^7.0.0",
        "@material/button": "^7.0.0",
        "@material/dom": "^7.0.0",
        "@material/elevation": "^7.0.0",
        "@material/feature-targeting": "^7.0.0",
        "@material/icon-button": "^7.0.0",
        "@material/ripple": "^7.0.0",
        "@material/rtl": "^7.0.0",
        "@material/shape": "^7.0.0",
        "@material/theme": "^7.0.0",
        "@material/typography": "^7.0.0",
        "tslib": "^1.9.3"
      }
    },
    "@material/switch": {
      "version": "7.0.0",
      "resolved": "https://registry.npmjs.org/@material/switch/-/switch-7.0.0.tgz",
      "integrity": "sha512-wiGPSkOD/g4ortKDb2BsE6+3aQy4t/M1Bchln3LYWAJsE0YxVukTYnFCD07iWEWPWvxR+DS47MO72Xf7NFe5fw==",
      "requires": {
        "@material/animation": "^7.0.0",
        "@material/base": "^7.0.0",
        "@material/density": "^7.0.0",
        "@material/dom": "^7.0.0",
        "@material/elevation": "^7.0.0",
        "@material/feature-targeting": "^7.0.0",
        "@material/ripple": "^7.0.0",
        "@material/rtl": "^7.0.0",
        "@material/theme": "^7.0.0",
        "tslib": "^1.9.3"
      }
    },
    "@material/tab": {
      "version": "7.0.0",
      "resolved": "https://registry.npmjs.org/@material/tab/-/tab-7.0.0.tgz",
      "integrity": "sha512-lxt7jqgY73RqfttsWKJP9YKu6mwELKAGQanC+qJ63TtJjzYBwyzgmtyaI+rDStlDWZGYHgIvO2W9K2ihy3+YyA==",
      "requires": {
        "@material/base": "^7.0.0",
        "@material/feature-targeting": "^7.0.0",
        "@material/ripple": "^7.0.0",
        "@material/rtl": "^7.0.0",
        "@material/tab-indicator": "^7.0.0",
        "@material/theme": "^7.0.0",
        "@material/typography": "^7.0.0",
        "tslib": "^1.9.3"
      }
    },
    "@material/tab-bar": {
      "version": "7.0.0",
      "resolved": "https://registry.npmjs.org/@material/tab-bar/-/tab-bar-7.0.0.tgz",
      "integrity": "sha512-kwcUtmDHQRNxuNjYT4Jtf5b7Zb4ZXCJsvZllX4qMPUGBxEDEjBh1zm3l7Oc5Z0bkMSMND6rFWZQS7HOgqa6YHg==",
      "requires": {
        "@material/animation": "^7.0.0",
        "@material/base": "^7.0.0",
        "@material/density": "^7.0.0",
        "@material/feature-targeting": "^7.0.0",
        "@material/tab": "^7.0.0",
        "@material/tab-scroller": "^7.0.0",
        "tslib": "^1.9.3"
      }
    },
    "@material/tab-indicator": {
      "version": "7.0.0",
      "resolved": "https://registry.npmjs.org/@material/tab-indicator/-/tab-indicator-7.0.0.tgz",
      "integrity": "sha512-hgkBiT7IY1Ze45yBsydArP9Rm10W9lnTAk9WOcaWqpBZQeL8CMBEFf+9/XaqfNRtL7Sk1tivbmOQgEO+gK3Tcw==",
      "requires": {
        "@material/animation": "^7.0.0",
        "@material/base": "^7.0.0",
        "@material/feature-targeting": "^7.0.0",
        "@material/theme": "^7.0.0",
        "tslib": "^1.9.3"
      }
    },
    "@material/tab-scroller": {
      "version": "7.0.0",
      "resolved": "https://registry.npmjs.org/@material/tab-scroller/-/tab-scroller-7.0.0.tgz",
      "integrity": "sha512-BnTLAqOkH1IIqF3JgkaWV8IHXSbA2yX1tgl1SzAiS+bHNmw8iUwY371MzlGA3mO2R9u0KweRc3wrCFeYjYgl+Q==",
      "requires": {
        "@material/animation": "^7.0.0",
        "@material/base": "^7.0.0",
        "@material/dom": "^7.0.0",
        "@material/feature-targeting": "^7.0.0",
        "@material/tab": "^7.0.0",
        "tslib": "^1.9.3"
      }
    },
    "@material/textfield": {
      "version": "7.0.0",
      "resolved": "https://registry.npmjs.org/@material/textfield/-/textfield-7.0.0.tgz",
      "integrity": "sha512-MyTOyxGJTqhg/Xwn/gYeCRgKGEWJAyypuS2YHW+YpBZtmLdSstWPUEsCH/pkPB9JQ9gKh0fOAJx9/Jug6U5+8g==",
      "requires": {
        "@material/animation": "^7.0.0",
        "@material/base": "^7.0.0",
        "@material/density": "^7.0.0",
        "@material/dom": "^7.0.0",
        "@material/feature-targeting": "^7.0.0",
        "@material/floating-label": "^7.0.0",
        "@material/line-ripple": "^7.0.0",
        "@material/notched-outline": "^7.0.0",
        "@material/ripple": "^7.0.0",
        "@material/rtl": "^7.0.0",
        "@material/shape": "^7.0.0",
        "@material/theme": "^7.0.0",
        "@material/typography": "^7.0.0",
        "tslib": "^1.9.3"
      }
    },
    "@material/theme": {
      "version": "7.0.0",
      "resolved": "https://registry.npmjs.org/@material/theme/-/theme-7.0.0.tgz",
      "integrity": "sha512-tuwsTG5b1SdkQHnGOCsr/2Vl/smeIWuKtr9YdeHjqiLphEAzamd9tDCzSEXaO18wLvc7xour/cbWdD6LW+q2cw==",
      "requires": {
        "@material/feature-targeting": "^7.0.0"
      }
    },
    "@material/top-app-bar": {
      "version": "7.0.0",
      "resolved": "https://registry.npmjs.org/@material/top-app-bar/-/top-app-bar-7.0.0.tgz",
      "integrity": "sha512-QR8qxZQ/JlWADzRPWooHF0MKDfoO2UWIekaNPcsEL6uPevPl0euBs3bvWNIeX/tRN18yynFiWiEvfOTz6yrULw==",
      "requires": {
        "@material/animation": "^7.0.0",
        "@material/base": "^7.0.0",
        "@material/elevation": "^7.0.0",
        "@material/ripple": "^7.0.0",
        "@material/rtl": "^7.0.0",
        "@material/shape": "^7.0.0",
        "@material/theme": "^7.0.0",
        "@material/typography": "^7.0.0",
        "tslib": "^1.9.3"
      }
    },
    "@material/touch-target": {
      "version": "7.0.0",
      "resolved": "https://registry.npmjs.org/@material/touch-target/-/touch-target-7.0.0.tgz",
      "integrity": "sha512-9XBtFLMvoUk4ZvNSyVgHjF416DhenLGQ6TWJnqiqQjqIv3i+YK60tYBUl8mqR0j0Bs9VCZCa/FyZ/fx1NPO15g==",
      "requires": {
        "@material/base": "^7.0.0",
        "@material/feature-targeting": "^7.0.0"
      }
    },
    "@material/typography": {
      "version": "7.0.0",
      "resolved": "https://registry.npmjs.org/@material/typography/-/typography-7.0.0.tgz",
      "integrity": "sha512-K4virioLangwuLgdi7QusEiT2/rcIH6fU55BS4K9FOWHLFb8a4jvNGAv6fUVjZbyV+c5hlOmTRbWHCpchjLzjw==",
      "requires": {
        "@material/feature-targeting": "^7.0.0",
        "@material/theme": "^7.0.0"
      }
    },
    "array-union": {
      "version": "1.0.2",
      "resolved": "https://registry.npmjs.org/array-union/-/array-union-1.0.2.tgz",
      "integrity": "sha1-mjRBDk9OPaI96jdb5b5w8kd47Dk=",
      "dev": true,
      "requires": {
        "array-uniq": "^1.0.1"
      }
    },
    "array-uniq": {
      "version": "1.0.3",
      "resolved": "https://registry.npmjs.org/array-uniq/-/array-uniq-1.0.3.tgz",
      "integrity": "sha1-r2rId6Jcx/dOBYiUdThY39sk/bY=",
      "dev": true
    },
    "async": {
      "version": "2.6.3",
      "resolved": "https://registry.npmjs.org/async/-/async-2.6.3.tgz",
      "integrity": "sha512-zflvls11DCy+dQWzTW2dzuilv8Z5X/pjfmZOWba6TNIVDm+2UDaJmXSOXlasHKfNBs8oo3M0aT50fDEWfKZjXg==",
      "dev": true,
      "requires": {
        "lodash": "^4.17.14"
      }
    },
    "balanced-match": {
      "version": "1.0.0",
      "resolved": "https://registry.npmjs.org/balanced-match/-/balanced-match-1.0.0.tgz",
      "integrity": "sha1-ibTRmasr7kneFk6gK4nORi1xt2c=",
      "dev": true
    },
    "brace-expansion": {
      "version": "1.1.11",
      "resolved": "https://registry.npmjs.org/brace-expansion/-/brace-expansion-1.1.11.tgz",
      "integrity": "sha512-iCuPHDFgrHX7H2vEI/5xpz07zSHB00TpugqhmYtVmMO6518mCuRMoOYFldEBl0g187ufozdaHgWKcYFb61qGiA==",
      "dev": true,
      "requires": {
        "balanced-match": "^1.0.0",
        "concat-map": "0.0.1"
      }
    },
    "commander": {
      "version": "2.20.3",
      "resolved": "https://registry.npmjs.org/commander/-/commander-2.20.3.tgz",
      "integrity": "sha512-GpVkmM8vF2vQUkj2LvZmD35JxeJOLCwJ9cUkugyk2nuhbv3+mJvpLYYt+0+USMxE+oj+ey/lJEnhZw75x/OMcQ==",
      "dev": true
    },
    "commondir": {
      "version": "1.0.1",
      "resolved": "https://registry.npmjs.org/commondir/-/commondir-1.0.1.tgz",
      "integrity": "sha1-3dgA2gxmEnOTzKWVDqloo6rxJTs=",
      "dev": true
    },
    "concat-map": {
      "version": "0.0.1",
      "resolved": "https://registry.npmjs.org/concat-map/-/concat-map-0.0.1.tgz",
      "integrity": "sha1-2Klr13/Wjfd5OnMDajug1UBdR3s=",
      "dev": true
    },
    "email-addresses": {
      "version": "3.1.0",
      "resolved": "https://registry.npmjs.org/email-addresses/-/email-addresses-3.1.0.tgz",
      "integrity": "sha512-k0/r7GrWVL32kZlGwfPNgB2Y/mMXVTq/decgLczm/j34whdaspNrZO8CnXPf1laaHxI6ptUlsnAxN+UAPw+fzg==",
      "dev": true
    },
    "escape-string-regexp": {
      "version": "1.0.5",
      "resolved": "https://registry.npmjs.org/escape-string-regexp/-/escape-string-regexp-1.0.5.tgz",
      "integrity": "sha1-G2HAViGQqN/2rjuyzwIAyhMLhtQ=",
      "dev": true
    },
    "filename-reserved-regex": {
      "version": "1.0.0",
      "resolved": "https://registry.npmjs.org/filename-reserved-regex/-/filename-reserved-regex-1.0.0.tgz",
      "integrity": "sha1-5hz4BfDeHJhFZ9A4bcXfUO5a9+Q=",
      "dev": true
    },
    "filenamify": {
      "version": "1.2.1",
      "resolved": "https://registry.npmjs.org/filenamify/-/filenamify-1.2.1.tgz",
      "integrity": "sha1-qfL/0RxQO+0wABUCknI3jx8TZaU=",
      "dev": true,
      "requires": {
        "filename-reserved-regex": "^1.0.0",
        "strip-outer": "^1.0.0",
        "trim-repeated": "^1.0.0"
      }
    },
    "filenamify-url": {
      "version": "1.0.0",
      "resolved": "https://registry.npmjs.org/filenamify-url/-/filenamify-url-1.0.0.tgz",
      "integrity": "sha1-syvYExnvWGO3MHi+1Q9GpPeXX1A=",
      "dev": true,
      "requires": {
        "filenamify": "^1.0.0",
        "humanize-url": "^1.0.0"
      }
    },
    "find-cache-dir": {
      "version": "3.3.1",
      "resolved": "https://registry.npmjs.org/find-cache-dir/-/find-cache-dir-3.3.1.tgz",
      "integrity": "sha512-t2GDMt3oGC/v+BMwzmllWDuJF/xcDtE5j/fCGbqDD7OLuJkj0cfh1YSA5VKPvwMeLFLNDBkwOKZ2X85jGLVftQ==",
      "dev": true,
      "requires": {
        "commondir": "^1.0.1",
        "make-dir": "^3.0.2",
        "pkg-dir": "^4.1.0"
      }
    },
    "find-up": {
      "version": "4.1.0",
      "resolved": "https://registry.npmjs.org/find-up/-/find-up-4.1.0.tgz",
      "integrity": "sha512-PpOwAdQ/YlXQ2vj8a3h8IipDuYRi3wceVQQGYWxNINccq40Anw7BlsEXCMbt1Zt+OLA6Fq9suIpIWD0OsnISlw==",
      "dev": true,
      "requires": {
        "locate-path": "^5.0.0",
        "path-exists": "^4.0.0"
      }
    },
    "fs-extra": {
      "version": "8.1.0",
      "resolved": "https://registry.npmjs.org/fs-extra/-/fs-extra-8.1.0.tgz",
      "integrity": "sha512-yhlQgA6mnOJUKOsRUFsgJdQCvkKhcz8tlZG5HBQfReYZy46OwLcY+Zia0mtdHsOo9y/hP+CxMN0TU9QxoOtG4g==",
      "dev": true,
      "requires": {
        "graceful-fs": "^4.2.0",
        "jsonfile": "^4.0.0",
        "universalify": "^0.1.0"
      }
    },
    "fs.realpath": {
      "version": "1.0.0",
      "resolved": "https://registry.npmjs.org/fs.realpath/-/fs.realpath-1.0.0.tgz",
      "integrity": "sha1-FQStJSMVjKpA20onh8sBQRmU6k8=",
      "dev": true
    },
    "gh-pages": {
      "version": "3.1.0",
      "resolved": "https://registry.npmjs.org/gh-pages/-/gh-pages-3.1.0.tgz",
      "integrity": "sha512-3b1rly9kuf3/dXsT8+ZxP0UhNLOo1CItj+3e31yUVcaph/yDsJ9RzD7JOw5o5zpBTJVQLlJAASNkUfepi9fe2w==",
      "dev": true,
      "requires": {
        "async": "^2.6.1",
        "commander": "^2.18.0",
        "email-addresses": "^3.0.1",
        "filenamify-url": "^1.0.0",
        "find-cache-dir": "^3.3.1",
        "fs-extra": "^8.1.0",
        "globby": "^6.1.0"
      }
    },
    "glob": {
      "version": "7.1.6",
      "resolved": "https://registry.npmjs.org/glob/-/glob-7.1.6.tgz",
      "integrity": "sha512-LwaxwyZ72Lk7vZINtNNrywX0ZuLyStrdDtabefZKAY5ZGJhVtgdznluResxNmPitE0SAO+O26sWTHeKSI2wMBA==",
      "dev": true,
      "requires": {
        "fs.realpath": "^1.0.0",
        "inflight": "^1.0.4",
        "inherits": "2",
        "minimatch": "^3.0.4",
        "once": "^1.3.0",
        "path-is-absolute": "^1.0.0"
      }
    },
    "globby": {
      "version": "6.1.0",
      "resolved": "https://registry.npmjs.org/globby/-/globby-6.1.0.tgz",
      "integrity": "sha1-9abXDoOV4hyFj7BInWTfAkJNUGw=",
      "dev": true,
      "requires": {
        "array-union": "^1.0.1",
        "glob": "^7.0.3",
        "object-assign": "^4.0.1",
        "pify": "^2.0.0",
        "pinkie-promise": "^2.0.0"
      }
    },
    "graceful-fs": {
      "version": "4.2.4",
      "resolved": "https://registry.npmjs.org/graceful-fs/-/graceful-fs-4.2.4.tgz",
      "integrity": "sha512-WjKPNJF79dtJAVniUlGGWHYGz2jWxT6VhN/4m1NdkbZ2nOsEF+cI1Edgql5zCRhs/VsQYRvrXctxktVXZUkixw==",
      "dev": true
    },
    "humanize-url": {
      "version": "1.0.1",
      "resolved": "https://registry.npmjs.org/humanize-url/-/humanize-url-1.0.1.tgz",
      "integrity": "sha1-9KuZ4NKIF0yk4eUEB8VfuuRk7/8=",
      "dev": true,
      "requires": {
        "normalize-url": "^1.0.0",
        "strip-url-auth": "^1.0.0"
      }
    },
    "inflight": {
      "version": "1.0.6",
      "resolved": "https://registry.npmjs.org/inflight/-/inflight-1.0.6.tgz",
      "integrity": "sha1-Sb1jMdfQLQwJvJEKEHW6gWW1bfk=",
      "dev": true,
      "requires": {
        "once": "^1.3.0",
        "wrappy": "1"
      }
    },
    "inherits": {
      "version": "2.0.4",
      "resolved": "https://registry.npmjs.org/inherits/-/inherits-2.0.4.tgz",
      "integrity": "sha512-k/vGaX4/Yla3WzyMCvTQOXYeIHvqOKtnqBduzTHpzpQZzAskKMhZ2K+EnBiSM9zGSoIFeMpXKxa4dYeZIQqewQ==",
      "dev": true
    },
    "is-plain-obj": {
      "version": "1.1.0",
      "resolved": "https://registry.npmjs.org/is-plain-obj/-/is-plain-obj-1.1.0.tgz",
      "integrity": "sha1-caUMhCnfync8kqOQpKA7OfzVHT4=",
      "dev": true
    },
    "jsonfile": {
      "version": "4.0.0",
      "resolved": "https://registry.npmjs.org/jsonfile/-/jsonfile-4.0.0.tgz",
      "integrity": "sha1-h3Gq4HmbZAdrdmQPygWPnBDjPss=",
      "dev": true,
      "requires": {
        "graceful-fs": "^4.1.6"
      }
    },
    "locate-path": {
      "version": "5.0.0",
      "resolved": "https://registry.npmjs.org/locate-path/-/locate-path-5.0.0.tgz",
      "integrity": "sha512-t7hw9pI+WvuwNJXwk5zVHpyhIqzg2qTlklJOf0mVxGSbe3Fp2VieZcduNYjaLDoy6p9uGpQEGWG87WpMKlNq8g==",
      "dev": true,
      "requires": {
        "p-locate": "^4.1.0"
      }
    },
    "lodash": {
      "version": "4.17.19",
      "resolved": "https://registry.npmjs.org/lodash/-/lodash-4.17.19.tgz",
      "integrity": "sha512-JNvd8XER9GQX0v2qJgsaN/mzFCNA5BRe/j8JN9d+tWyGLSodKQHKFicdwNYzWwI3wjRnaKPsGj1XkBjx/F96DQ==",
      "dev": true
    },
    "make-dir": {
      "version": "3.1.0",
      "resolved": "https://registry.npmjs.org/make-dir/-/make-dir-3.1.0.tgz",
      "integrity": "sha512-g3FeP20LNwhALb/6Cz6Dd4F2ngze0jz7tbzrD2wAV+o9FeNHe4rL+yK2md0J/fiSf1sa1ADhXqi5+oVwOM/eGw==",
      "dev": true,
      "requires": {
        "semver": "^6.0.0"
      }
    },
    "material-components-web": {
      "version": "7.0.0",
      "resolved": "https://registry.npmjs.org/material-components-web/-/material-components-web-7.0.0.tgz",
      "integrity": "sha512-NDOfKv+7NkPECkuWWia091hYfR7U8XwUVHAzMXGVEkOS9gUqYVVAnFTNi/b+2qFbk1fguQ/DFiD05WcuRspRnQ==",
      "requires": {
        "@material/animation": "^7.0.0",
        "@material/auto-init": "^7.0.0",
        "@material/base": "^7.0.0",
        "@material/button": "^7.0.0",
        "@material/card": "^7.0.0",
        "@material/checkbox": "^7.0.0",
        "@material/chips": "^7.0.0",
        "@material/circular-progress": "^7.0.0",
        "@material/data-table": "^7.0.0",
        "@material/density": "^7.0.0",
        "@material/dialog": "^7.0.0",
        "@material/dom": "^7.0.0",
        "@material/drawer": "^7.0.0",
        "@material/elevation": "^7.0.0",
        "@material/fab": "^7.0.0",
        "@material/feature-targeting": "^7.0.0",
        "@material/floating-label": "^7.0.0",
        "@material/form-field": "^7.0.0",
        "@material/icon-button": "^7.0.0",
        "@material/image-list": "^7.0.0",
        "@material/layout-grid": "^7.0.0",
        "@material/line-ripple": "^7.0.0",
        "@material/linear-progress": "^7.0.0",
        "@material/list": "^7.0.0",
        "@material/menu": "^7.0.0",
        "@material/menu-surface": "^7.0.0",
        "@material/notched-outline": "^7.0.0",
        "@material/radio": "^7.0.0",
        "@material/ripple": "^7.0.0",
        "@material/rtl": "^7.0.0",
        "@material/select": "^7.0.0",
        "@material/shape": "^7.0.0",
        "@material/slider": "^7.0.0",
        "@material/snackbar": "^7.0.0",
        "@material/switch": "^7.0.0",
        "@material/tab": "^7.0.0",
        "@material/tab-bar": "^7.0.0",
        "@material/tab-indicator": "^7.0.0",
        "@material/tab-scroller": "^7.0.0",
        "@material/textfield": "^7.0.0",
        "@material/theme": "^7.0.0",
        "@material/top-app-bar": "^7.0.0",
        "@material/touch-target": "^7.0.0",
        "@material/typography": "^7.0.0"
      }
    },
    "minimatch": {
      "version": "3.0.4",
      "resolved": "https://registry.npmjs.org/minimatch/-/minimatch-3.0.4.tgz",
      "integrity": "sha512-yJHVQEhyqPLUTgt9B83PXu6W3rx4MvvHvSUvToogpwoGDOUQ+yDrR0HRot+yOCdCO7u4hX3pWft6kWBBcqh0UA==",
      "dev": true,
      "requires": {
        "brace-expansion": "^1.1.7"
      }
    },
    "normalize-url": {
      "version": "1.9.1",
      "resolved": "https://registry.npmjs.org/normalize-url/-/normalize-url-1.9.1.tgz",
      "integrity": "sha1-LMDWazHqIwNkWENuNiDYWVTGbDw=",
      "dev": true,
      "requires": {
        "object-assign": "^4.0.1",
        "prepend-http": "^1.0.0",
        "query-string": "^4.1.0",
        "sort-keys": "^1.0.0"
      }
    },
    "object-assign": {
      "version": "4.1.1",
      "resolved": "https://registry.npmjs.org/object-assign/-/object-assign-4.1.1.tgz",
      "integrity": "sha1-IQmtx5ZYh8/AXLvUQsrIv7s2CGM=",
      "dev": true
    },
    "once": {
      "version": "1.4.0",
      "resolved": "https://registry.npmjs.org/once/-/once-1.4.0.tgz",
      "integrity": "sha1-WDsap3WWHUsROsF9nFC6753Xa9E=",
      "dev": true,
      "requires": {
        "wrappy": "1"
      }
    },
    "p-limit": {
      "version": "2.3.0",
      "resolved": "https://registry.npmjs.org/p-limit/-/p-limit-2.3.0.tgz",
      "integrity": "sha512-//88mFWSJx8lxCzwdAABTJL2MyWB12+eIY7MDL2SqLmAkeKU9qxRvWuSyTjm3FUmpBEMuFfckAIqEaVGUDxb6w==",
      "dev": true,
      "requires": {
        "p-try": "^2.0.0"
      }
    },
    "p-locate": {
      "version": "4.1.0",
      "resolved": "https://registry.npmjs.org/p-locate/-/p-locate-4.1.0.tgz",
      "integrity": "sha512-R79ZZ/0wAxKGu3oYMlz8jy/kbhsNrS7SKZ7PxEHBgJ5+F2mtFW2fK2cOtBh1cHYkQsbzFV7I+EoRKe6Yt0oK7A==",
      "dev": true,
      "requires": {
        "p-limit": "^2.2.0"
      }
    },
    "p-try": {
      "version": "2.2.0",
      "resolved": "https://registry.npmjs.org/p-try/-/p-try-2.2.0.tgz",
      "integrity": "sha512-R4nPAVTAU0B9D35/Gk3uJf/7XYbQcyohSKdvAxIRSNghFl4e71hVoGnBNQz9cWaXxO2I10KTC+3jMdvvoKw6dQ==",
      "dev": true
    },
    "path-exists": {
      "version": "4.0.0",
      "resolved": "https://registry.npmjs.org/path-exists/-/path-exists-4.0.0.tgz",
      "integrity": "sha512-ak9Qy5Q7jYb2Wwcey5Fpvg2KoAc/ZIhLSLOSBmRmygPsGwkVVt0fZa0qrtMz+m6tJTAHfZQ8FnmB4MG4LWy7/w==",
      "dev": true
    },
    "path-is-absolute": {
      "version": "1.0.1",
      "resolved": "https://registry.npmjs.org/path-is-absolute/-/path-is-absolute-1.0.1.tgz",
      "integrity": "sha1-F0uSaHNVNP+8es5r9TpanhtcX18=",
      "dev": true
    },
    "pify": {
      "version": "2.3.0",
      "resolved": "https://registry.npmjs.org/pify/-/pify-2.3.0.tgz",
      "integrity": "sha1-7RQaasBDqEnqWISY59yosVMw6Qw=",
      "dev": true
    },
    "pinkie": {
      "version": "2.0.4",
      "resolved": "https://registry.npmjs.org/pinkie/-/pinkie-2.0.4.tgz",
      "integrity": "sha1-clVrgM+g1IqXToDnckjoDtT3+HA=",
      "dev": true
    },
    "pinkie-promise": {
      "version": "2.0.1",
      "resolved": "https://registry.npmjs.org/pinkie-promise/-/pinkie-promise-2.0.1.tgz",
      "integrity": "sha1-ITXW36ejWMBprJsXh3YogihFD/o=",
      "dev": true,
      "requires": {
        "pinkie": "^2.0.0"
      }
    },
    "pkg-dir": {
      "version": "4.2.0",
      "resolved": "https://registry.npmjs.org/pkg-dir/-/pkg-dir-4.2.0.tgz",
      "integrity": "sha512-HRDzbaKjC+AOWVXxAU/x54COGeIv9eb+6CkDSQoNTt4XyWoIJvuPsXizxu/Fr23EiekbtZwmh1IcIG/l/a10GQ==",
      "dev": true,
      "requires": {
        "find-up": "^4.0.0"
      }
    },
    "prepend-http": {
      "version": "1.0.4",
      "resolved": "https://registry.npmjs.org/prepend-http/-/prepend-http-1.0.4.tgz",
      "integrity": "sha1-1PRWKwzjaW5BrFLQ4ALlemNdxtw=",
      "dev": true
    },
    "query-string": {
      "version": "4.3.4",
      "resolved": "https://registry.npmjs.org/query-string/-/query-string-4.3.4.tgz",
      "integrity": "sha1-u7aTucqRXCMlFbIosaArYJBD2+s=",
      "dev": true,
      "requires": {
        "object-assign": "^4.1.0",
        "strict-uri-encode": "^1.0.0"
      }
    },
    "semver": {
      "version": "6.3.0",
      "resolved": "https://registry.npmjs.org/semver/-/semver-6.3.0.tgz",
      "integrity": "sha512-b39TBaTSfV6yBrapU89p5fKekE2m/NwnDocOVruQFS1/veMgdzuPcnOM34M6CwxW8jH/lxEa5rBoDeUwu5HHTw==",
      "dev": true
    },
    "sort-keys": {
      "version": "1.1.2",
      "resolved": "https://registry.npmjs.org/sort-keys/-/sort-keys-1.1.2.tgz",
      "integrity": "sha1-RBttTTRnmPG05J6JIK37oOVD+a0=",
      "dev": true,
      "requires": {
        "is-plain-obj": "^1.0.0"
      }
    },
    "strict-uri-encode": {
      "version": "1.1.0",
      "resolved": "https://registry.npmjs.org/strict-uri-encode/-/strict-uri-encode-1.1.0.tgz",
      "integrity": "sha1-J5siXfHVgrH1TmWt3UNS4Y+qBxM=",
      "dev": true
    },
    "strip-outer": {
      "version": "1.0.1",
      "resolved": "https://registry.npmjs.org/strip-outer/-/strip-outer-1.0.1.tgz",
      "integrity": "sha512-k55yxKHwaXnpYGsOzg4Vl8+tDrWylxDEpknGjhTiZB8dFRU5rTo9CAzeycivxV3s+zlTKwrs6WxMxR95n26kwg==",
      "dev": true,
      "requires": {
        "escape-string-regexp": "^1.0.2"
      }
    },
    "strip-url-auth": {
      "version": "1.0.1",
      "resolved": "https://registry.npmjs.org/strip-url-auth/-/strip-url-auth-1.0.1.tgz",
      "integrity": "sha1-IrD6OkE4WzO+PzMVUbu4N/oM164=",
      "dev": true
    },
    "trim-repeated": {
      "version": "1.0.0",
      "resolved": "https://registry.npmjs.org/trim-repeated/-/trim-repeated-1.0.0.tgz",
      "integrity": "sha1-42RqLqTokTEr9+rObPsFOAvAHCE=",
      "dev": true,
      "requires": {
        "escape-string-regexp": "^1.0.2"
      }
    },
    "tslib": {
      "version": "1.13.0",
      "resolved": "https://registry.npmjs.org/tslib/-/tslib-1.13.0.tgz",
      "integrity": "sha512-i/6DQjL8Xf3be4K/E6Wgpekn5Qasl1usyw++dAA35Ue5orEn65VIxOA+YvNNl9HV3qv70T7CNwjODHZrLwvd1Q=="
    },
    "universalify": {
      "version": "0.1.2",
      "resolved": "https://registry.npmjs.org/universalify/-/universalify-0.1.2.tgz",
      "integrity": "sha512-rBJeI5CXAlmy1pV+617WB9J63U6XcazHHF2f2dbJix4XzpUF0RS3Zbj0FGIOCAva5P/d/GBOYaACQ1w+0azUkg==",
      "dev": true
    },
    "wrappy": {
      "version": "1.0.2",
      "resolved": "https://registry.npmjs.org/wrappy/-/wrappy-1.0.2.tgz",
      "integrity": "sha1-tSQ9jz7BqjXxNkYFvA0QNuMKtp8=",
      "dev": true
    }
  }
}
